
Microsoft Visual Studio Solution File, Format Version 12.00
# Visual Studio Version 17
VisualStudioVersion = 17.9.34407.89
MinimumVisualStudioVersion = 10.0.40219.1
Project("{8BC9CEB8-8B4A-11D0-8D11-00A0C91BC942}") = "GeneralTest", "GeneralTest.vcxproj", "{4DE8E1B9-AC6B-4AF3-980F-91E2210919E5}"
EndProject
Global
	GlobalSection(SolutionConfigurationPlatforms) = preSolution
		Debug|x64 = Debug|x64
		Debug|x86 = Debug|x86
		Release|x64 = Release|x64
		Release|x86 = Release|x86
	EndGlobalSection
	GlobalSection(ProjectConfigurationPlatforms) = postSolution
		{4DE8E1B9-AC6B-4AF3-980F-91E2210919E5}.Debug|x64.ActiveCfg = Debug|x64
		{4DE8E1B9-AC6B-4AF3-980F-91E2210919E5}.Debug|x64.Build.0 = Debug|x64
		{4DE8E1B9-AC6B-4AF3-980F-91E2210919E5}.Debug|x86.ActiveCfg = Debug|Win32
		{4DE8E1B9-AC6B-4AF3-980F-91E2210919E5}.Debug|x86.Build.0 = Debug|Win32
		{4DE8E1B9-AC6B-4AF3-980F-91E2210919E5}.Release|x64.ActiveCfg = Release|x64
		{4DE8E1B9-AC6B-4AF3-980F-91E2210919E5}.Release|x64.Build.0 = Release|x64
		{4DE8E1B9-AC6B-4AF3-980F-91E2210919E5}.Release|x86.ActiveCfg = Release|Win32
		{4DE8E1B9-AC6B-4AF3-980F-91E2210919E5}.Release|x86.Build.0 = Release|Win32
	EndGlobalSection
	GlobalSection(SolutionProperties) = preSolution
		HideSolutionNode = FALSE
	EndGlobalSection
	GlobalSection(ExtensibilityGlobals) = postSolution
		SolutionGuid = {842A279A-1BAC-4C21-9951-F3C41379B2C5}
	EndGlobalSection
EndGlobal
